
Microsoft Visual Studio Solution File, Format Version 12.00
# Visual Studio 15
Project("{FAE04EC0-301F-11D3-BF4B-00C04F79EFBC}") = "DG", "DG.csproj", "{7DC2DF3B-98C7-3806-D510-8E48A22472F3}"
EndProject
Project("{FAE04EC0-301F-11D3-BF4B-00C04F79EFBC}") = "Assembly-CSharp-firstpass", "Assembly-CSharp-firstpass.csproj", "{5D5A6903-28E8-5936-8EB5-A4F7DE90A2EC}"
EndProject
Project("{FAE04EC0-301F-11D3-BF4B-00C04F79EFBC}") = "Assembly-CSharp", "Assembly-CSharp.csproj", "{68F782ED-9DCF-48BC-4E82-D1A8F6A5A326}"
EndProject
Project("{FAE04EC0-301F-11D3-BF4B-00C04F79EFBC}") = "Assembly-CSharp-Editor-firstpass", "Assembly-CSharp-Editor-firstpass.csproj", "{2BD9C4D3-3FA5-F914-54B0-0E85817D3E6D}"
EndProject
Global
	GlobalSection(SolutionConfigurationPlatforms) = preSolution
		Debug|Any CPU = Debug|Any CPU
		Release|Any CPU = Release|Any CPU
	EndGlobalSection
	GlobalSection(ProjectConfigurationPlatforms) = postSolution
		{7DC2DF3B-98C7-3806-D510-8E48A22472F3}.Debug|Any CPU.ActiveCfg = Debug|Any CPU
		{7DC2DF3B-98C7-3806-D510-8E48A22472F3}.Debug|Any CPU.Build.0 = Debug|Any CPU
		{7DC2DF3B-98C7-3806-D510-8E48A22472F3}.Release|Any CPU.ActiveCfg = Release|Any CPU
		{7DC2DF3B-98C7-3806-D510-8E48A22472F3}.Release|Any CPU.Build.0 = Release|Any CPU
		{5D5A6903-28E8-5936-8EB5-A4F7DE90A2EC}.Debug|Any CPU.ActiveCfg = Debug|Any CPU
		{5D5A6903-28E8-5936-8EB5-A4F7DE90A2EC}.Debug|Any CPU.Build.0 = Debug|Any CPU
		{5D5A6903-28E8-5936-8EB5-A4F7DE90A2EC}.Release|Any CPU.ActiveCfg = Release|Any CPU
		{5D5A6903-28E8-5936-8EB5-A4F7DE90A2EC}.Release|Any CPU.Build.0 = Release|Any CPU
		{68F782ED-9DCF-48BC-4E82-D1A8F6A5A326}.Debug|Any CPU.ActiveCfg = Debug|Any CPU
		{68F782ED-9DCF-48BC-4E82-D1A8F6A5A326}.Debug|Any CPU.Build.0 = Debug|Any CPU
		{68F782ED-9DCF-48BC-4E82-D1A8F6A5A326}.Release|Any CPU.ActiveCfg = Release|Any CPU
		{68F782ED-9DCF-48BC-4E82-D1A8F6A5A326}.Release|Any CPU.Build.0 = Release|Any CPU
		{2BD9C4D3-3FA5-F914-54B0-0E85817D3E6D}.Debug|Any CPU.ActiveCfg = Debug|Any CPU
		{2BD9C4D3-3FA5-F914-54B0-0E85817D3E6D}.Debug|Any CPU.Build.0 = Debug|Any CPU
		{2BD9C4D3-3FA5-F914-54B0-0E85817D3E6D}.Release|Any CPU.ActiveCfg = Release|Any CPU
		{2BD9C4D3-3FA5-F914-54B0-0E85817D3E6D}.Release|Any CPU.Build.0 = Release|Any CPU
	EndGlobalSection
	GlobalSection(SolutionProperties) = preSolution
		HideSolutionNode = FALSE
	EndGlobalSection
EndGlobal
